
Microsoft Visual Studio Solution File, Format Version 12.00
# Visual Studio Version 17
VisualStudioVersion = 17.3.32819.101
MinimumVisualStudioVersion = 10.0.40219.1
Project("{FAE04EC0-301F-11D3-BF4B-00C04F79EFBC}") = "Responsi", "Responsi\Responsi.csproj", "{BB035F1B-E68D-497D-A22A-7E9F5A791579}"
EndProject
Global
	GlobalSection(SolutionConfigurationPlatforms) = preSolution
		Debug|Any CPU = Debug|Any CPU
		Release|Any CPU = Release|Any CPU
	EndGlobalSection
	GlobalSection(ProjectConfigurationPlatforms) = postSolution
		{BB035F1B-E68D-497D-A22A-7E9F5A791579}.Debug|Any CPU.ActiveCfg = Debug|Any CPU
		{BB035F1B-E68D-497D-A22A-7E9F5A791579}.Debug|Any CPU.Build.0 = Debug|Any CPU
		{BB035F1B-E68D-497D-A22A-7E9F5A791579}.Release|Any CPU.ActiveCfg = Release|Any CPU
		{BB035F1B-E68D-497D-A22A-7E9F5A791579}.Release|Any CPU.Build.0 = Release|Any CPU
	EndGlobalSection
	GlobalSection(SolutionProperties) = preSolution
		HideSolutionNode = FALSE
	EndGlobalSection
	GlobalSection(ExtensibilityGlobals) = postSolution
		SolutionGuid = {48C03229-878C-430E-B485-0C40E73B8043}
	EndGlobalSection
EndGlobal
